
Microsoft Visual Studio Solution File, Format Version 12.00
# Visual Studio Version 17
VisualStudioVersion = 17.4.33110.190
MinimumVisualStudioVersion = 10.0.40219.1
Project("{9A19103F-16F7-4668-BE54-9A1E7A4F7556}") = "Xunit", "Xunit\Xunit.csproj", "{266F372D-6665-43EA-8121-DCFDA674E29B}"
EndProject
Project("{9A19103F-16F7-4668-BE54-9A1E7A4F7556}") = "XUnitUnitTests", "XUnitUnitTests\XUnitUnitTests.csproj", "{E27D81DE-E7FA-4A2C-8165-7B1B790A8040}"
EndProject
Project("{9A19103F-16F7-4668-BE54-9A1E7A4F7556}") = "Reflection", "Reflection\Reflection.csproj", "{62C0F9CE-F099-460C-8434-AB7FCB1E6F24}"
EndProject
Project("{9A19103F-16F7-4668-BE54-9A1E7A4F7556}") = "ReflectionUnitTests", "ReflectionUnitTests\ReflectionUnitTests.csproj", "{4C1EAAC6-8AE2-4B75-B894-5BCE87EA66F3}"
EndProject
Project("{9A19103F-16F7-4668-BE54-9A1E7A4F7556}") = "Tasks", "Tasks\Tasks.csproj", "{4BC7441E-9B7A-4E5A-8F26-35928709E6AB}"
EndProject
Project("{9A19103F-16F7-4668-BE54-9A1E7A4F7556}") = "TasksUnitTests", "TasksUnitTests\TasksUnitTests.csproj", "{728D61D4-651C-4FAF-9A89-7F19BE841F8E}"
EndProject
Project("{9A19103F-16F7-4668-BE54-9A1E7A4F7556}") = "Globalization", "Globalization\Globalization.csproj", "{04AE79E4-0509-4BF9-BFBF-F54EBC3CCCD0}"
EndProject
Project("{9A19103F-16F7-4668-BE54-9A1E7A4F7556}") = "GlobalizationUnitTests", "GlobalizationUnitTests\GlobalizationUnitTests.csproj", "{70B25938-0F84-4777-BC6F-3A3B6DD96C4C}"
EndProject
Project("{9A19103F-16F7-4668-BE54-9A1E7A4F7556}") = "Common", "Common\Common.csproj", "{1E6502E0-53DE-4944-9C9A-AD5EC5C920E1}"
EndProject
Project("{9A19103F-16F7-4668-BE54-9A1E7A4F7556}") = "CommonUnitTests", "CommonUnitTests\CommonUnitTests.csproj", "{DD6051A5-50B3-494F-AFD7-77F91F9489AF}"
EndProject
Project("{9A19103F-16F7-4668-BE54-9A1E7A4F7556}") = "Crud", "Crud\Crud.csproj", "{57502136-BEC9-47E3-9E82-7FA039D72148}"
EndProject
Project("{9A19103F-16F7-4668-BE54-9A1E7A4F7556}") = "Mvc", "Mvc\Mvc.csproj", "{3D27AFF7-2D00-4B5A-8EF9-4F0AD7E1452A}"
EndProject
Project("{9A19103F-16F7-4668-BE54-9A1E7A4F7556}") = "WellKnownIdentifiers", "WellKnownIdentifiers\WellKnownIdentifiers.csproj", "{D49FF449-39E5-4BEF-9285-C710B7E8D30C}"
EndProject
Project("{2150E333-8FDC-42A3-9474-1A3956D46DE8}") = "ServiceFabric", "ServiceFabric", "{9B0B0213-FE79-4989-8A1C-BC711C343238}"
EndProject
Project("{9A19103F-16F7-4668-BE54-9A1E7A4F7556}") = "CrudUnitTests", "CrudUnitTests\CrudUnitTests.csproj", "{246E1FF0-A880-4FA6-B051-B54B8A38D9FD}"
EndProject
Project("{2150E333-8FDC-42A3-9474-1A3956D46DE8}") = "Scripting", "Scripting", "{81F67124-3BCD-48DD-B976-824545A146A3}"
EndProject
Project("{9A19103F-16F7-4668-BE54-9A1E7A4F7556}") = "ScriptingTestingAssembly1", "ScriptingTestingAssembly1\ScriptingTestingAssembly1.csproj", "{9A9BBBA6-C7AE-4077-ABE4-AE4DF89F2498}"
EndProject
Project("{9A19103F-16F7-4668-BE54-9A1E7A4F7556}") = "ScriptingServicesUnitTests", "ScriptingServicesUnitTests\ScriptingServicesUnitTests.csproj", "{F93DA6DE-79F4-4C8E-AB04-B3C5ABB48123}"
EndProject
Project("{9A19103F-16F7-4668-BE54-9A1E7A4F7556}") = "ScriptingServices", "ScriptingServices\ScriptingServices.csproj", "{8A81C57D-304B-4AC3-BD32-34C8D9EED902}"
EndProject
Project("{9A19103F-16F7-4668-BE54-9A1E7A4F7556}") = "ScriptingAbstractions", "ScriptingAbstractions\ScriptingAbstractions.csproj", "{5EACBE5C-9BC3-4E89-AF87-FE5180971F78}"
EndProject
Project("{2150E333-8FDC-42A3-9474-1A3956D46DE8}") = "Solution Items", "Solution Items", "{08FFB55E-FF4E-4F30-B296-2078945865DD}"
	ProjectSection(SolutionItems) = preProject
		Directory.Build.props = Directory.Build.props
		Directory.Build.targets = Directory.Build.targets
		Directory.Packages.props = Directory.Packages.props
	EndProjectSection
EndProject
Project("{2150E333-8FDC-42A3-9474-1A3956D46DE8}") = "Telemetry", "Telemetry", "{79D00295-3F24-4EFD-A2B3-405EE276B541}"
EndProject
Project("{9A19103F-16F7-4668-BE54-9A1E7A4F7556}") = "TelemetryAbstractions", "TelemetryAbstractions\TelemetryAbstractions.csproj", "{7E09E775-3C31-469A-B148-5049A9466676}"
EndProject
Project("{9A19103F-16F7-4668-BE54-9A1E7A4F7556}") = "TelemetryAzure", "TelemetryAzure\TelemetryAzure.csproj", "{211218E6-F779-4FFE-A09E-59CD476CC701}"
EndProject
Project("{2150E333-8FDC-42A3-9474-1A3956D46DE8}") = "Mocks", "Mocks", "{7F2E8356-8B80-4849-A425-23F1898FC687}"
EndProject
Project("{9A19103F-16F7-4668-BE54-9A1E7A4F7556}") = "MocksUnitTests", "MocksUnitTests\MocksUnitTests.csproj", "{86C4780B-5628-4F34-9168-4C021732AEF3}"
EndProject
Project("{9A19103F-16F7-4668-BE54-9A1E7A4F7556}") = "Mocks", "Mocks\Mocks.csproj", "{46C2A15D-8B37-4198-BFEC-9F4B30A4BBA1}"
EndProject
Project("{FAE04EC0-301F-11D3-BF4B-00C04F79EFBC}") = "ScriptingServicesSFA", "ScriptingServicesSFA\ScriptingServicesSFA.csproj", "{1B4B8BAC-B6C3-4A5C-A15A-184C5DBCF9B7}"
EndProject
Project("{2150E333-8FDC-42A3-9474-1A3956D46DE8}") = "Xunit", "Xunit", "{02EA681E-C7D8-13C7-8484-4AC65E1B71E8}"
EndProject
Global
	GlobalSection(SolutionConfigurationPlatforms) = preSolution
		Debug|Any CPU = Debug|Any CPU
		Release|Any CPU = Release|Any CPU
	EndGlobalSection
	GlobalSection(ProjectConfigurationPlatforms) = postSolution
		{266F372D-6665-43EA-8121-DCFDA674E29B}.Debug|Any CPU.ActiveCfg = Debug|Any CPU
		{266F372D-6665-43EA-8121-DCFDA674E29B}.Debug|Any CPU.Build.0 = Debug|Any CPU
		{266F372D-6665-43EA-8121-DCFDA674E29B}.Release|Any CPU.ActiveCfg = Release|Any CPU
		{266F372D-6665-43EA-8121-DCFDA674E29B}.Release|Any CPU.Build.0 = Release|Any CPU
		{E27D81DE-E7FA-4A2C-8165-7B1B790A8040}.Debug|Any CPU.ActiveCfg = Debug|Any CPU
		{E27D81DE-E7FA-4A2C-8165-7B1B790A8040}.Debug|Any CPU.Build.0 = Debug|Any CPU
		{E27D81DE-E7FA-4A2C-8165-7B1B790A8040}.Release|Any CPU.ActiveCfg = Release|Any CPU
		{E27D81DE-E7FA-4A2C-8165-7B1B790A8040}.Release|Any CPU.Build.0 = Release|Any CPU
		{62C0F9CE-F099-460C-8434-AB7FCB1E6F24}.Debug|Any CPU.ActiveCfg = Debug|Any CPU
		{62C0F9CE-F099-460C-8434-AB7FCB1E6F24}.Debug|Any CPU.Build.0 = Debug|Any CPU
		{62C0F9CE-F099-460C-8434-AB7FCB1E6F24}.Release|Any CPU.ActiveCfg = Release|Any CPU
		{62C0F9CE-F099-460C-8434-AB7FCB1E6F24}.Release|Any CPU.Build.0 = Release|Any CPU
		{4C1EAAC6-8AE2-4B75-B894-5BCE87EA66F3}.Debug|Any CPU.ActiveCfg = Debug|Any CPU
		{4C1EAAC6-8AE2-4B75-B894-5BCE87EA66F3}.Debug|Any CPU.Build.0 = Debug|Any CPU
		{4C1EAAC6-8AE2-4B75-B894-5BCE87EA66F3}.Release|Any CPU.ActiveCfg = Release|Any CPU
		{4C1EAAC6-8AE2-4B75-B894-5BCE87EA66F3}.Release|Any CPU.Build.0 = Release|Any CPU
		{4BC7441E-9B7A-4E5A-8F26-35928709E6AB}.Debug|Any CPU.ActiveCfg = Debug|Any CPU
		{4BC7441E-9B7A-4E5A-8F26-35928709E6AB}.Debug|Any CPU.Build.0 = Debug|Any CPU
		{4BC7441E-9B7A-4E5A-8F26-35928709E6AB}.Release|Any CPU.ActiveCfg = Release|Any CPU
		{4BC7441E-9B7A-4E5A-8F26-35928709E6AB}.Release|Any CPU.Build.0 = Release|Any CPU
		{728D61D4-651C-4FAF-9A89-7F19BE841F8E}.Debug|Any CPU.ActiveCfg = Debug|Any CPU
		{728D61D4-651C-4FAF-9A89-7F19BE841F8E}.Debug|Any CPU.Build.0 = Debug|Any CPU
		{728D61D4-651C-4FAF-9A89-7F19BE841F8E}.Release|Any CPU.ActiveCfg = Release|Any CPU
		{728D61D4-651C-4FAF-9A89-7F19BE841F8E}.Release|Any CPU.Build.0 = Release|Any CPU
		{04AE79E4-0509-4BF9-BFBF-F54EBC3CCCD0}.Debug|Any CPU.ActiveCfg = Debug|Any CPU
		{04AE79E4-0509-4BF9-BFBF-F54EBC3CCCD0}.Debug|Any CPU.Build.0 = Debug|Any CPU
		{04AE79E4-0509-4BF9-BFBF-F54EBC3CCCD0}.Release|Any CPU.ActiveCfg = Release|Any CPU
		{04AE79E4-0509-4BF9-BFBF-F54EBC3CCCD0}.Release|Any CPU.Build.0 = Release|Any CPU
		{70B25938-0F84-4777-BC6F-3A3B6DD96C4C}.Debug|Any CPU.ActiveCfg = Debug|Any CPU
		{70B25938-0F84-4777-BC6F-3A3B6DD96C4C}.Debug|Any CPU.Build.0 = Debug|Any CPU
		{70B25938-0F84-4777-BC6F-3A3B6DD96C4C}.Release|Any CPU.ActiveCfg = Release|Any CPU
		{70B25938-0F84-4777-BC6F-3A3B6DD96C4C}.Release|Any CPU.Build.0 = Release|Any CPU
		{1E6502E0-53DE-4944-9C9A-AD5EC5C920E1}.Debug|Any CPU.ActiveCfg = Debug|Any CPU
		{1E6502E0-53DE-4944-9C9A-AD5EC5C920E1}.Debug|Any CPU.Build.0 = Debug|Any CPU
		{1E6502E0-53DE-4944-9C9A-AD5EC5C920E1}.Release|Any CPU.ActiveCfg = Release|Any CPU
		{1E6502E0-53DE-4944-9C9A-AD5EC5C920E1}.Release|Any CPU.Build.0 = Release|Any CPU
		{DD6051A5-50B3-494F-AFD7-77F91F9489AF}.Debug|Any CPU.ActiveCfg = Debug|Any CPU
		{DD6051A5-50B3-494F-AFD7-77F91F9489AF}.Debug|Any CPU.Build.0 = Debug|Any CPU
		{DD6051A5-50B3-494F-AFD7-77F91F9489AF}.Release|Any CPU.ActiveCfg = Release|Any CPU
		{DD6051A5-50B3-494F-AFD7-77F91F9489AF}.Release|Any CPU.Build.0 = Release|Any CPU
		{57502136-BEC9-47E3-9E82-7FA039D72148}.Debug|Any CPU.ActiveCfg = Debug|Any CPU
		{57502136-BEC9-47E3-9E82-7FA039D72148}.Debug|Any CPU.Build.0 = Debug|Any CPU
		{57502136-BEC9-47E3-9E82-7FA039D72148}.Release|Any CPU.ActiveCfg = Release|Any CPU
		{57502136-BEC9-47E3-9E82-7FA039D72148}.Release|Any CPU.Build.0 = Release|Any CPU
		{3D27AFF7-2D00-4B5A-8EF9-4F0AD7E1452A}.Debug|Any CPU.ActiveCfg = Debug|Any CPU
		{3D27AFF7-2D00-4B5A-8EF9-4F0AD7E1452A}.Debug|Any CPU.Build.0 = Debug|Any CPU
		{3D27AFF7-2D00-4B5A-8EF9-4F0AD7E1452A}.Release|Any CPU.ActiveCfg = Release|Any CPU
		{3D27AFF7-2D00-4B5A-8EF9-4F0AD7E1452A}.Release|Any CPU.Build.0 = Release|Any CPU
		{D49FF449-39E5-4BEF-9285-C710B7E8D30C}.Debug|Any CPU.ActiveCfg = Debug|Any CPU
		{D49FF449-39E5-4BEF-9285-C710B7E8D30C}.Debug|Any CPU.Build.0 = Debug|Any CPU
		{D49FF449-39E5-4BEF-9285-C710B7E8D30C}.Release|Any CPU.ActiveCfg = Release|Any CPU
		{D49FF449-39E5-4BEF-9285-C710B7E8D30C}.Release|Any CPU.Build.0 = Release|Any CPU
		{246E1FF0-A880-4FA6-B051-B54B8A38D9FD}.Debug|Any CPU.ActiveCfg = Debug|Any CPU
		{246E1FF0-A880-4FA6-B051-B54B8A38D9FD}.Debug|Any CPU.Build.0 = Debug|Any CPU
		{246E1FF0-A880-4FA6-B051-B54B8A38D9FD}.Release|Any CPU.ActiveCfg = Release|Any CPU
		{246E1FF0-A880-4FA6-B051-B54B8A38D9FD}.Release|Any CPU.Build.0 = Release|Any CPU
		{9A9BBBA6-C7AE-4077-ABE4-AE4DF89F2498}.Debug|Any CPU.ActiveCfg = Debug|Any CPU
		{9A9BBBA6-C7AE-4077-ABE4-AE4DF89F2498}.Debug|Any CPU.Build.0 = Debug|Any CPU
		{9A9BBBA6-C7AE-4077-ABE4-AE4DF89F2498}.Release|Any CPU.ActiveCfg = Release|Any CPU
		{9A9BBBA6-C7AE-4077-ABE4-AE4DF89F2498}.Release|Any CPU.Build.0 = Release|Any CPU
		{F93DA6DE-79F4-4C8E-AB04-B3C5ABB48123}.Debug|Any CPU.ActiveCfg = Debug|Any CPU
		{F93DA6DE-79F4-4C8E-AB04-B3C5ABB48123}.Debug|Any CPU.Build.0 = Debug|Any CPU
		{F93DA6DE-79F4-4C8E-AB04-B3C5ABB48123}.Release|Any CPU.ActiveCfg = Release|Any CPU
		{F93DA6DE-79F4-4C8E-AB04-B3C5ABB48123}.Release|Any CPU.Build.0 = Release|Any CPU
		{8A81C57D-304B-4AC3-BD32-34C8D9EED902}.Debug|Any CPU.ActiveCfg = Debug|Any CPU
		{8A81C57D-304B-4AC3-BD32-34C8D9EED902}.Debug|Any CPU.Build.0 = Debug|Any CPU
		{8A81C57D-304B-4AC3-BD32-34C8D9EED902}.Release|Any CPU.ActiveCfg = Release|Any CPU
		{8A81C57D-304B-4AC3-BD32-34C8D9EED902}.Release|Any CPU.Build.0 = Release|Any CPU
		{5EACBE5C-9BC3-4E89-AF87-FE5180971F78}.Debug|Any CPU.ActiveCfg = Debug|Any CPU
		{5EACBE5C-9BC3-4E89-AF87-FE5180971F78}.Debug|Any CPU.Build.0 = Debug|Any CPU
		{5EACBE5C-9BC3-4E89-AF87-FE5180971F78}.Release|Any CPU.ActiveCfg = Release|Any CPU
		{5EACBE5C-9BC3-4E89-AF87-FE5180971F78}.Release|Any CPU.Build.0 = Release|Any CPU
		{7E09E775-3C31-469A-B148-5049A9466676}.Debug|Any CPU.ActiveCfg = Debug|Any CPU
		{7E09E775-3C31-469A-B148-5049A9466676}.Debug|Any CPU.Build.0 = Debug|Any CPU
		{7E09E775-3C31-469A-B148-5049A9466676}.Release|Any CPU.ActiveCfg = Release|Any CPU
		{7E09E775-3C31-469A-B148-5049A9466676}.Release|Any CPU.Build.0 = Release|Any CPU
		{211218E6-F779-4FFE-A09E-59CD476CC701}.Debug|Any CPU.ActiveCfg = Debug|Any CPU
		{211218E6-F779-4FFE-A09E-59CD476CC701}.Debug|Any CPU.Build.0 = Debug|Any CPU
		{211218E6-F779-4FFE-A09E-59CD476CC701}.Release|Any CPU.ActiveCfg = Release|Any CPU
		{211218E6-F779-4FFE-A09E-59CD476CC701}.Release|Any CPU.Build.0 = Release|Any CPU
		{86C4780B-5628-4F34-9168-4C021732AEF3}.Debug|Any CPU.ActiveCfg = Debug|Any CPU
		{86C4780B-5628-4F34-9168-4C021732AEF3}.Debug|Any CPU.Build.0 = Debug|Any CPU
		{86C4780B-5628-4F34-9168-4C021732AEF3}.Release|Any CPU.ActiveCfg = Release|Any CPU
		{86C4780B-5628-4F34-9168-4C021732AEF3}.Release|Any CPU.Build.0 = Release|Any CPU
		{46C2A15D-8B37-4198-BFEC-9F4B30A4BBA1}.Debug|Any CPU.ActiveCfg = Debug|Any CPU
		{46C2A15D-8B37-4198-BFEC-9F4B30A4BBA1}.Debug|Any CPU.Build.0 = Debug|Any CPU
		{46C2A15D-8B37-4198-BFEC-9F4B30A4BBA1}.Release|Any CPU.ActiveCfg = Release|Any CPU
		{46C2A15D-8B37-4198-BFEC-9F4B30A4BBA1}.Release|Any CPU.Build.0 = Release|Any CPU
		{1B4B8BAC-B6C3-4A5C-A15A-184C5DBCF9B7}.Debug|Any CPU.ActiveCfg = Debug|Any CPU
		{1B4B8BAC-B6C3-4A5C-A15A-184C5DBCF9B7}.Debug|Any CPU.Build.0 = Debug|Any CPU
		{1B4B8BAC-B6C3-4A5C-A15A-184C5DBCF9B7}.Release|Any CPU.ActiveCfg = Release|Any CPU
		{1B4B8BAC-B6C3-4A5C-A15A-184C5DBCF9B7}.Release|Any CPU.Build.0 = Release|Any CPU
	EndGlobalSection
	GlobalSection(SolutionProperties) = preSolution
		HideSolutionNode = FALSE
	EndGlobalSection
	GlobalSection(NestedProjects) = preSolution
		{266F372D-6665-43EA-8121-DCFDA674E29B} = {02EA681E-C7D8-13C7-8484-4AC65E1B71E8}
		{E27D81DE-E7FA-4A2C-8165-7B1B790A8040} = {02EA681E-C7D8-13C7-8484-4AC65E1B71E8}
		{57502136-BEC9-47E3-9E82-7FA039D72148} = {9B0B0213-FE79-4989-8A1C-BC711C343238}
		{3D27AFF7-2D00-4B5A-8EF9-4F0AD7E1452A} = {9B0B0213-FE79-4989-8A1C-BC711C343238}
		{D49FF449-39E5-4BEF-9285-C710B7E8D30C} = {9B0B0213-FE79-4989-8A1C-BC711C343238}
		{246E1FF0-A880-4FA6-B051-B54B8A38D9FD} = {9B0B0213-FE79-4989-8A1C-BC711C343238}
		{9A9BBBA6-C7AE-4077-ABE4-AE4DF89F2498} = {81F67124-3BCD-48DD-B976-824545A146A3}
		{F93DA6DE-79F4-4C8E-AB04-B3C5ABB48123} = {81F67124-3BCD-48DD-B976-824545A146A3}
		{8A81C57D-304B-4AC3-BD32-34C8D9EED902} = {81F67124-3BCD-48DD-B976-824545A146A3}
		{5EACBE5C-9BC3-4E89-AF87-FE5180971F78} = {81F67124-3BCD-48DD-B976-824545A146A3}
		{7E09E775-3C31-469A-B148-5049A9466676} = {79D00295-3F24-4EFD-A2B3-405EE276B541}
		{211218E6-F779-4FFE-A09E-59CD476CC701} = {79D00295-3F24-4EFD-A2B3-405EE276B541}
		{86C4780B-5628-4F34-9168-4C021732AEF3} = {7F2E8356-8B80-4849-A425-23F1898FC687}
		{46C2A15D-8B37-4198-BFEC-9F4B30A4BBA1} = {7F2E8356-8B80-4849-A425-23F1898FC687}
		{1B4B8BAC-B6C3-4A5C-A15A-184C5DBCF9B7} = {81F67124-3BCD-48DD-B976-824545A146A3}
	EndGlobalSection
	GlobalSection(ExtensibilityGlobals) = postSolution
		SolutionGuid = {5E58D4F4-B5FD-4CE0-A8C5-C4AF7F4B2759}
	EndGlobalSection
EndGlobal
